
Microsoft Visual Studio Solution File, Format Version 12.00
# Visual Studio Version 17
VisualStudioVersion = 17.1.32228.430
MinimumVisualStudioVersion = 10.0.40219.1
Project("{FAE04EC0-301F-11D3-BF4B-00C04F79EFBC}") = "GlobalExceptionHandling_BlazorWASM_Net6", "GlobalExceptionHandling_BlazorWASM_Net6\GlobalExceptionHandling_BlazorWASM_Net6.csproj", "{E5D93895-D110-4446-AEFF-55C0849BF248}"
EndProject
Project("{FAE04EC0-301F-11D3-BF4B-00C04F79EFBC}") = "WebAPI", "WebAPI\WebAPI.csproj", "{57CA08DA-9311-4DDC-95AD-19C3532B6FFC}"
EndProject
Global
	GlobalSection(SolutionConfigurationPlatforms) = preSolution
		Debug|Any CPU = Debug|Any CPU
		Release|Any CPU = Release|Any CPU
	EndGlobalSection
	GlobalSection(ProjectConfigurationPlatforms) = postSolution
		{E5D93895-D110-4446-AEFF-55C0849BF248}.Debug|Any CPU.ActiveCfg = Debug|Any CPU
		{E5D93895-D110-4446-AEFF-55C0849BF248}.Debug|Any CPU.Build.0 = Debug|Any CPU
		{E5D93895-D110-4446-AEFF-55C0849BF248}.Release|Any CPU.ActiveCfg = Release|Any CPU
		{E5D93895-D110-4446-AEFF-55C0849BF248}.Release|Any CPU.Build.0 = Release|Any CPU
		{57CA08DA-9311-4DDC-95AD-19C3532B6FFC}.Debug|Any CPU.ActiveCfg = Debug|Any CPU
		{57CA08DA-9311-4DDC-95AD-19C3532B6FFC}.Debug|Any CPU.Build.0 = Debug|Any CPU
		{57CA08DA-9311-4DDC-95AD-19C3532B6FFC}.Release|Any CPU.ActiveCfg = Release|Any CPU
		{57CA08DA-9311-4DDC-95AD-19C3532B6FFC}.Release|Any CPU.Build.0 = Release|Any CPU
	EndGlobalSection
	GlobalSection(SolutionProperties) = preSolution
		HideSolutionNode = FALSE
	EndGlobalSection
	GlobalSection(ExtensibilityGlobals) = postSolution
		SolutionGuid = {32E9101E-47B2-4A4B-A393-A3503D94D3B6}
	EndGlobalSection
EndGlobal
